
Microsoft Visual Studio Solution File, Format Version 12.00
# Visual Studio Version 17
VisualStudioVersion = 17.4.33103.184
MinimumVisualStudioVersion = 10.0.40219.1
Project("{9A19103F-16F7-4668-BE54-9A1E7A4F7556}") = "BUnit.Console", "BUnit.Console\BUnit.Console.csproj", "{F1BEF862-2565-4099-908E-A6193CB8360E}"
EndProject
Project("{9A19103F-16F7-4668-BE54-9A1E7A4F7556}") = "BUnit.Moq", "BUnit.Moq\BUnit.Moq.csproj", "{9F9F0BC7-72CD-453C-9284-6394BE015A97}"
EndProject
Project("{9A19103F-16F7-4668-BE54-9A1E7A4F7556}") = "BUnit.Test", "BUnit.Test\BUnit.Test.csproj", "{FEAD4B18-DA17-468B-B8DD-EAB3338B4016}"
EndProject
Project("{FAE04EC0-301F-11D3-BF4B-00C04F79EFBC}") = "TestConsole2", "TestConsole2\TestConsole2.csproj", "{874A4EB3-706D-40BF-93C5-EB21B9AFCAFE}"
EndProject
Global
	GlobalSection(SolutionConfigurationPlatforms) = preSolution
		Debug|Any CPU = Debug|Any CPU
		Release|Any CPU = Release|Any CPU
	EndGlobalSection
	GlobalSection(ProjectConfigurationPlatforms) = postSolution
		{F1BEF862-2565-4099-908E-A6193CB8360E}.Debug|Any CPU.ActiveCfg = Debug|Any CPU
		{F1BEF862-2565-4099-908E-A6193CB8360E}.Debug|Any CPU.Build.0 = Debug|Any CPU
		{F1BEF862-2565-4099-908E-A6193CB8360E}.Release|Any CPU.ActiveCfg = Release|Any CPU
		{F1BEF862-2565-4099-908E-A6193CB8360E}.Release|Any CPU.Build.0 = Release|Any CPU
		{9F9F0BC7-72CD-453C-9284-6394BE015A97}.Debug|Any CPU.ActiveCfg = Debug|Any CPU
		{9F9F0BC7-72CD-453C-9284-6394BE015A97}.Debug|Any CPU.Build.0 = Debug|Any CPU
		{9F9F0BC7-72CD-453C-9284-6394BE015A97}.Release|Any CPU.ActiveCfg = Release|Any CPU
		{9F9F0BC7-72CD-453C-9284-6394BE015A97}.Release|Any CPU.Build.0 = Release|Any CPU
		{FEAD4B18-DA17-468B-B8DD-EAB3338B4016}.Debug|Any CPU.ActiveCfg = Debug|Any CPU
		{FEAD4B18-DA17-468B-B8DD-EAB3338B4016}.Debug|Any CPU.Build.0 = Debug|Any CPU
		{FEAD4B18-DA17-468B-B8DD-EAB3338B4016}.Release|Any CPU.ActiveCfg = Release|Any CPU
		{FEAD4B18-DA17-468B-B8DD-EAB3338B4016}.Release|Any CPU.Build.0 = Release|Any CPU
		{874A4EB3-706D-40BF-93C5-EB21B9AFCAFE}.Debug|Any CPU.ActiveCfg = Debug|Any CPU
		{874A4EB3-706D-40BF-93C5-EB21B9AFCAFE}.Debug|Any CPU.Build.0 = Debug|Any CPU
		{874A4EB3-706D-40BF-93C5-EB21B9AFCAFE}.Release|Any CPU.ActiveCfg = Release|Any CPU
		{874A4EB3-706D-40BF-93C5-EB21B9AFCAFE}.Release|Any CPU.Build.0 = Release|Any CPU
	EndGlobalSection
	GlobalSection(SolutionProperties) = preSolution
		HideSolutionNode = FALSE
	EndGlobalSection
	GlobalSection(ExtensibilityGlobals) = postSolution
		SolutionGuid = {61DB0DD5-A868-46EC-AD3E-038875E5324E}
	EndGlobalSection
EndGlobal
