
Microsoft Visual Studio Solution File, Format Version 12.00
# Visual Studio Version 17
VisualStudioVersion = 17.4.33103.184
MinimumVisualStudioVersion = 10.0.40219.1
Project("{9A19103F-16F7-4668-BE54-9A1E7A4F7556}") = "RUnIt.Moq.Console", "RUinit.Moq.Console\RUnIt.Moq.Console.csproj", "{95744F6A-8F49-4E45-A372-E3F1A4E96131}"
EndProject
Project("{FAE04EC0-301F-11D3-BF4B-00C04F79EFBC}") = "RUnIt.Moq", "RUnit.Moq\RUnIt.Moq.csproj", "{080DC41E-69E3-49D1-BF5C-26B17BABDEF2}"
EndProject
Global
	GlobalSection(SolutionConfigurationPlatforms) = preSolution
		Debug|Any CPU = Debug|Any CPU
		Release|Any CPU = Release|Any CPU
	EndGlobalSection
	GlobalSection(ProjectConfigurationPlatforms) = postSolution
		{95744F6A-8F49-4E45-A372-E3F1A4E96131}.Debug|Any CPU.ActiveCfg = Debug|Any CPU
		{95744F6A-8F49-4E45-A372-E3F1A4E96131}.Debug|Any CPU.Build.0 = Debug|Any CPU
		{95744F6A-8F49-4E45-A372-E3F1A4E96131}.Release|Any CPU.ActiveCfg = Release|Any CPU
		{95744F6A-8F49-4E45-A372-E3F1A4E96131}.Release|Any CPU.Build.0 = Release|Any CPU
		{080DC41E-69E3-49D1-BF5C-26B17BABDEF2}.Debug|Any CPU.ActiveCfg = Debug|Any CPU
		{080DC41E-69E3-49D1-BF5C-26B17BABDEF2}.Debug|Any CPU.Build.0 = Debug|Any CPU
		{080DC41E-69E3-49D1-BF5C-26B17BABDEF2}.Release|Any CPU.ActiveCfg = Release|Any CPU
		{080DC41E-69E3-49D1-BF5C-26B17BABDEF2}.Release|Any CPU.Build.0 = Release|Any CPU
	EndGlobalSection
	GlobalSection(SolutionProperties) = preSolution
		HideSolutionNode = FALSE
	EndGlobalSection
	GlobalSection(ExtensibilityGlobals) = postSolution
		SolutionGuid = {C0713D98-D296-45FD-BD90-035E3943BBE1}
	EndGlobalSection
EndGlobal
